// !$*UTF8*$!
{
	archiveVersion = 1;
	classes = {
	};
	objectVersion = 55;
	objects = {

/* Begin PBXBuildFile section */
		150559DC29B868EB00002DBD /* RMService.swift in Sources */ = {isa = PBXBuildFile; fileRef = 150559DB29B868EB00002DBD /* RMService.swift */; };
		150559DE29B8692000002DBD /* RMRequest.swift in Sources */ = {isa = PBXBuildFile; fileRef = 150559DD29B8692000002DBD /* RMRequest.swift */; };
		150559E029B86A5900002DBD /* RMEndpoint.swift in Sources */ = {isa = PBXBuildFile; fileRef = 150559DF29B86A5900002DBD /* RMEndpoint.swift */; };
		150559E229B872DB00002DBD /* RMOrigin.swift in Sources */ = {isa = PBXBuildFile; fileRef = 150559E129B872DA00002DBD /* RMOrigin.swift */; };
		150559E429B8734E00002DBD /* RMSingleLocation.swift in Sources */ = {isa = PBXBuildFile; fileRef = 150559E329B8734E00002DBD /* RMSingleLocation.swift */; };
		150559E629B8769900002DBD /* RMCharacterStatus.swift in Sources */ = {isa = PBXBuildFile; fileRef = 150559E529B8769900002DBD /* RMCharacterStatus.swift */; };
		150559E829B8773300002DBD /* RMCharacterGender.swift in Sources */ = {isa = PBXBuildFile; fileRef = 150559E729B8773200002DBD /* RMCharacterGender.swift */; };
		159F204429991BFC0041D66F /* AppDelegate.swift in Sources */ = {isa = PBXBuildFile; fileRef = 159F204329991BFC0041D66F /* AppDelegate.swift */; };
		159F204629991BFC0041D66F /* SceneDelegate.swift in Sources */ = {isa = PBXBuildFile; fileRef = 159F204529991BFC0041D66F /* SceneDelegate.swift */; };
		159F204829991BFC0041D66F /* RMTabViewController.swift in Sources */ = {isa = PBXBuildFile; fileRef = 159F204729991BFC0041D66F /* RMTabViewController.swift */; };
		159F204D29991C000041D66F /* Assets.xcassets in Resources */ = {isa = PBXBuildFile; fileRef = 159F204C29991C000041D66F /* Assets.xcassets */; };
		159F205029991C000041D66F /* LaunchScreen.storyboard in Resources */ = {isa = PBXBuildFile; fileRef = 159F204E29991C000041D66F /* LaunchScreen.storyboard */; };
		159F205F2999262C0041D66F /* RMLocation.swift in Sources */ = {isa = PBXBuildFile; fileRef = 159F205E2999262C0041D66F /* RMLocation.swift */; };
		159F2061299926510041D66F /* RMCharacter.swift in Sources */ = {isa = PBXBuildFile; fileRef = 159F2060299926510041D66F /* RMCharacter.swift */; };
		159F2063299926660041D66F /* RMEpisode.swift in Sources */ = {isa = PBXBuildFile; fileRef = 159F2062299926660041D66F /* RMEpisode.swift */; };
		159F20662999275D0041D66F /* RMCharacterViewController.swift in Sources */ = {isa = PBXBuildFile; fileRef = 159F20652999275D0041D66F /* RMCharacterViewController.swift */; };
		159F2068299927850041D66F /* RMLocationViewController.swift in Sources */ = {isa = PBXBuildFile; fileRef = 159F2067299927850041D66F /* RMLocationViewController.swift */; };
		159F206A299927AE0041D66F /* RMEpisodeViewController.swift in Sources */ = {isa = PBXBuildFile; fileRef = 159F2069299927AE0041D66F /* RMEpisodeViewController.swift */; };
		159F206C299927F60041D66F /* RMSettingViewController.swift in Sources */ = {isa = PBXBuildFile; fileRef = 159F206B299927F60041D66F /* RMSettingViewController.swift */; };
/* End PBXBuildFile section */

/* Begin PBXFileReference section */
		150559DB29B868EB00002DBD /* RMService.swift */ = {isa = PBXFileReference; lastKnownFileType = sourcecode.swift; path = RMService.swift; sourceTree = "<group>"; };
		150559DD29B8692000002DBD /* RMRequest.swift */ = {isa = PBXFileReference; lastKnownFileType = sourcecode.swift; path = RMRequest.swift; sourceTree = "<group>"; };
		150559DF29B86A5900002DBD /* RMEndpoint.swift */ = {isa = PBXFileReference; lastKnownFileType = sourcecode.swift; path = RMEndpoint.swift; sourceTree = "<group>"; };
		150559E129B872DA00002DBD /* RMOrigin.swift */ = {isa = PBXFileReference; lastKnownFileType = sourcecode.swift; path = RMOrigin.swift; sourceTree = "<group>"; };
		150559E329B8734E00002DBD /* RMSingleLocation.swift */ = {isa = PBXFileReference; lastKnownFileType = sourcecode.swift; path = RMSingleLocation.swift; sourceTree = "<group>"; };
		150559E529B8769900002DBD /* RMCharacterStatus.swift */ = {isa = PBXFileReference; lastKnownFileType = sourcecode.swift; path = RMCharacterStatus.swift; sourceTree = "<group>"; };
		150559E729B8773200002DBD /* RMCharacterGender.swift */ = {isa = PBXFileReference; lastKnownFileType = sourcecode.swift; path = RMCharacterGender.swift; sourceTree = "<group>"; };
		159F204029991BFC0041D66F /* RickAndMortyApp.app */ = {isa = PBXFileReference; explicitFileType = wrapper.application; includeInIndex = 0; path = RickAndMortyApp.app; sourceTree = BUILT_PRODUCTS_DIR; };
		159F204329991BFC0041D66F /* AppDelegate.swift */ = {isa = PBXFileReference; lastKnownFileType = sourcecode.swift; path = AppDelegate.swift; sourceTree = "<group>"; };
		159F204529991BFC0041D66F /* SceneDelegate.swift */ = {isa = PBXFileReference; lastKnownFileType = sourcecode.swift; path = SceneDelegate.swift; sourceTree = "<group>"; };
		159F204729991BFC0041D66F /* RMTabViewController.swift */ = {isa = PBXFileReference; lastKnownFileType = sourcecode.swift; path = RMTabViewController.swift; sourceTree = "<group>"; };
		159F204C29991C000041D66F /* Assets.xcassets */ = {isa = PBXFileReference; lastKnownFileType = folder.assetcatalog; path = Assets.xcassets; sourceTree = "<group>"; };
		159F204F29991C000041D66F /* Base */ = {isa = PBXFileReference; lastKnownFileType = file.storyboard; name = Base; path = Base.lproj/LaunchScreen.storyboard; sourceTree = "<group>"; };
		159F205129991C000041D66F /* Info.plist */ = {isa = PBXFileReference; lastKnownFileType = text.plist.xml; path = Info.plist; sourceTree = "<group>"; };
		159F205E2999262C0041D66F /* RMLocation.swift */ = {isa = PBXFileReference; lastKnownFileType = sourcecode.swift; path = RMLocation.swift; sourceTree = "<group>"; };
		159F2060299926510041D66F /* RMCharacter.swift */ = {isa = PBXFileReference; lastKnownFileType = sourcecode.swift; path = RMCharacter.swift; sourceTree = "<group>"; };
		159F2062299926660041D66F /* RMEpisode.swift */ = {isa = PBXFileReference; lastKnownFileType = sourcecode.swift; path = RMEpisode.swift; sourceTree = "<group>"; };
		159F20652999275D0041D66F /* RMCharacterViewController.swift */ = {isa = PBXFileReference; lastKnownFileType = sourcecode.swift; path = RMCharacterViewController.swift; sourceTree = "<group>"; };
		159F2067299927850041D66F /* RMLocationViewController.swift */ = {isa = PBXFileReference; lastKnownFileType = sourcecode.swift; path = RMLocationViewController.swift; sourceTree = "<group>"; };
		159F2069299927AE0041D66F /* RMEpisodeViewController.swift */ = {isa = PBXFileReference; lastKnownFileType = sourcecode.swift; path = RMEpisodeViewController.swift; sourceTree = "<group>"; };
		159F206B299927F60041D66F /* RMSettingViewController.swift */ = {isa = PBXFileReference; lastKnownFileType = sourcecode.swift; path = RMSettingViewController.swift; sourceTree = "<group>"; };
/* End PBXFileReference section */

/* Begin PBXFrameworksBuildPhase section */
		159F203D29991BFC0041D66F /* Frameworks */ = {
			isa = PBXFrameworksBuildPhase;
			buildActionMask = 2147483647;
			files = (
			);
			runOnlyForDeploymentPostprocessing = 0;
		};
/* End PBXFrameworksBuildPhase section */

/* Begin PBXGroup section */
		159F203729991BFC0041D66F = {
			isa = PBXGroup;
			children = (
				159F204229991BFC0041D66F /* RickAndMortyApp */,
				159F204129991BFC0041D66F /* Products */,
			);
			sourceTree = "<group>";
		};
		159F204129991BFC0041D66F /* Products */ = {
			isa = PBXGroup;
			children = (
				159F204029991BFC0041D66F /* RickAndMortyApp.app */,
			);
			name = Products;
			sourceTree = "<group>";
		};
		159F204229991BFC0041D66F /* RickAndMortyApp */ = {
			isa = PBXGroup;
			children = (
				159F205D299925800041D66F /* Models */,
				159F205C299925130041D66F /* Managers */,
				159F205B299925020041D66F /* Resources */,
				159F205A299924F20041D66F /* APIClients */,
				159F2059299924CE0041D66F /* ViewModels */,
				159F2058299924C70041D66F /* Views */,
				159F2057299924B70041D66F /* Controllers */,
				159F205129991C000041D66F /* Info.plist */,
			);
			path = RickAndMortyApp;
			sourceTree = "<group>";
		};
		159F2057299924B70041D66F /* Controllers */ = {
			isa = PBXGroup;
			children = (
				159F20642999272C0041D66F /* Core */,
			);
			path = Controllers;
			sourceTree = "<group>";
		};
		159F2058299924C70041D66F /* Views */ = {
			isa = PBXGroup;
			children = (
			);
			path = Views;
			sourceTree = "<group>";
		};
		159F2059299924CE0041D66F /* ViewModels */ = {
			isa = PBXGroup;
			children = (
			);
			path = ViewModels;
			sourceTree = "<group>";
		};
		159F205A299924F20041D66F /* APIClients */ = {
			isa = PBXGroup;
			children = (
				150559DB29B868EB00002DBD /* RMService.swift */,
				150559DD29B8692000002DBD /* RMRequest.swift */,
				150559DF29B86A5900002DBD /* RMEndpoint.swift */,
			);
			path = APIClients;
			sourceTree = "<group>";
		};
		159F205B299925020041D66F /* Resources */ = {
			isa = PBXGroup;
			children = (
				159F204329991BFC0041D66F /* AppDelegate.swift */,
				159F204529991BFC0041D66F /* SceneDelegate.swift */,
				159F204C29991C000041D66F /* Assets.xcassets */,
				159F204E29991C000041D66F /* LaunchScreen.storyboard */,
			);
			path = Resources;
			sourceTree = "<group>";
		};
		159F205C299925130041D66F /* Managers */ = {
			isa = PBXGroup;
			children = (
			);
			path = Managers;
			sourceTree = "<group>";
		};
		159F205D299925800041D66F /* Models */ = {
			isa = PBXGroup;
			children = (
				159F205E2999262C0041D66F /* RMLocation.swift */,
				159F2060299926510041D66F /* RMCharacter.swift */,
				159F2062299926660041D66F /* RMEpisode.swift */,
				150559E129B872DA00002DBD /* RMOrigin.swift */,
				150559E329B8734E00002DBD /* RMSingleLocation.swift */,
				150559E529B8769900002DBD /* RMCharacterStatus.swift */,
				150559E729B8773200002DBD /* RMCharacterGender.swift */,
			);
			path = Models;
			sourceTree = "<group>";
		};
		159F20642999272C0041D66F /* Core */ = {
			isa = PBXGroup;
			children = (
				159F204729991BFC0041D66F /* RMTabViewController.swift */,
				159F20652999275D0041D66F /* RMCharacterViewController.swift */,
				159F2067299927850041D66F /* RMLocationViewController.swift */,
				159F2069299927AE0041D66F /* RMEpisodeViewController.swift */,
				159F206B299927F60041D66F /* RMSettingViewController.swift */,
			);
			path = Core;
			sourceTree = "<group>";
		};
/* End PBXGroup section */

/* Begin PBXNativeTarget section */
		159F203F29991BFC0041D66F /* RickAndMortyApp */ = {
			isa = PBXNativeTarget;
			buildConfigurationList = 159F205429991C000041D66F /* Build configuration list for PBXNativeTarget "RickAndMortyApp" */;
			buildPhases = (
				159F203C29991BFC0041D66F /* Sources */,
				159F203D29991BFC0041D66F /* Frameworks */,
				159F203E29991BFC0041D66F /* Resources */,
			);
			buildRules = (
			);
			dependencies = (
			);
			name = RickAndMortyApp;
			productName = RickAndMortyApp;
			productReference = 159F204029991BFC0041D66F /* RickAndMortyApp.app */;
			productType = "com.apple.product-type.application";
		};
/* End PBXNativeTarget section */

/* Begin PBXProject section */
		159F203829991BFC0041D66F /* Project object */ = {
			isa = PBXProject;
			attributes = {
				BuildIndependentTargetsInParallel = 1;
				LastSwiftUpdateCheck = 1340;
				LastUpgradeCheck = 1340;
				TargetAttributes = {
					159F203F29991BFC0041D66F = {
						CreatedOnToolsVersion = 13.4.1;
					};
				};
			};
			buildConfigurationList = 159F203B29991BFC0041D66F /* Build configuration list for PBXProject "RickAndMortyApp" */;
			compatibilityVersion = "Xcode 13.0";
			developmentRegion = en;
			hasScannedForEncodings = 0;
			knownRegions = (
				en,
				Base,
			);
			mainGroup = 159F203729991BFC0041D66F;
			productRefGroup = 159F204129991BFC0041D66F /* Products */;
			projectDirPath = "";
			projectRoot = "";
			targets = (
				159F203F29991BFC0041D66F /* RickAndMortyApp */,
			);
		};
/* End PBXProject section */

/* Begin PBXResourcesBuildPhase section */
		159F203E29991BFC0041D66F /* Resources */ = {
			isa = PBXResourcesBuildPhase;
			buildActionMask = 2147483647;
			files = (
				159F205029991C000041D66F /* LaunchScreen.storyboard in Resources */,
				159F204D29991C000041D66F /* Assets.xcassets in Resources */,
			);
			runOnlyForDeploymentPostprocessing = 0;
		};
/* End PBXResourcesBuildPhase section */

/* Begin PBXSourcesBuildPhase section */
		159F203C29991BFC0041D66F /* Sources */ = {
			isa = PBXSourcesBuildPhase;
			buildActionMask = 2147483647;
			files = (
				150559E229B872DB00002DBD /* RMOrigin.swift in Sources */,
				150559E429B8734E00002DBD /* RMSingleLocation.swift in Sources */,
				150559E629B8769900002DBD /* RMCharacterStatus.swift in Sources */,
				150559E829B8773300002DBD /* RMCharacterGender.swift in Sources */,
				159F2063299926660041D66F /* RMEpisode.swift in Sources */,
				159F2068299927850041D66F /* RMLocationViewController.swift in Sources */,
				159F204829991BFC0041D66F /* RMTabViewController.swift in Sources */,
				159F206A299927AE0041D66F /* RMEpisodeViewController.swift in Sources */,
				159F206C299927F60041D66F /* RMSettingViewController.swift in Sources */,
				159F20662999275D0041D66F /* RMCharacterViewController.swift in Sources */,
				159F204429991BFC0041D66F /* AppDelegate.swift in Sources */,
				150559DC29B868EB00002DBD /* RMService.swift in Sources */,
				159F204629991BFC0041D66F /* SceneDelegate.swift in Sources */,
				150559E029B86A5900002DBD /* RMEndpoint.swift in Sources */,
				159F205F2999262C0041D66F /* RMLocation.swift in Sources */,
				150559DE29B8692000002DBD /* RMRequest.swift in Sources */,
				159F2061299926510041D66F /* RMCharacter.swift in Sources */,
			);
			runOnlyForDeploymentPostprocessing = 0;
		};
/* End PBXSourcesBuildPhase section */

/* Begin PBXVariantGroup section */
		159F204E29991C000041D66F /* LaunchScreen.storyboard */ = {
			isa = PBXVariantGroup;
			children = (
				159F204F29991C000041D66F /* Base */,
			);
			name = LaunchScreen.storyboard;
			sourceTree = "<group>";
		};
/* End PBXVariantGroup section */

/* Begin XCBuildConfiguration section */
		159F205229991C000041D66F /* Debug */ = {
			isa = XCBuildConfiguration;
			buildSettings = {
				ALWAYS_SEARCH_USER_PATHS = NO;
				CLANG_ANALYZER_NONNULL = YES;
				CLANG_ANALYZER_NUMBER_OBJECT_CONVERSION = YES_AGGRESSIVE;
				CLANG_CXX_LANGUAGE_STANDARD = "gnu++17";
				CLANG_ENABLE_MODULES = YES;
				CLANG_ENABLE_OBJC_ARC = YES;
				CLANG_ENABLE_OBJC_WEAK = YES;
				CLANG_WARN_BLOCK_CAPTURE_AUTORELEASING = YES;
				CLANG_WARN_BOOL_CONVERSION = YES;
				CLANG_WARN_COMMA = YES;
				CLANG_WARN_CONSTANT_CONVERSION = YES;
				CLANG_WARN_DEPRECATED_OBJC_IMPLEMENTATIONS = YES;
				CLANG_WARN_DIRECT_OBJC_ISA_USAGE = YES_ERROR;
				CLANG_WARN_DOCUMENTATION_COMMENTS = YES;
				CLANG_WARN_EMPTY_BODY = YES;
				CLANG_WARN_ENUM_CONVERSION = YES;
				CLANG_WARN_INFINITE_RECURSION = YES;
				CLANG_WARN_INT_CONVERSION = YES;
				CLANG_WARN_NON_LITERAL_NULL_CONVERSION = YES;
				CLANG_WARN_OBJC_IMPLICIT_RETAIN_SELF = YES;
				CLANG_WARN_OBJC_LITERAL_CONVERSION = YES;
				CLANG_WARN_OBJC_ROOT_CLASS = YES_ERROR;
				CLANG_WARN_QUOTED_INCLUDE_IN_FRAMEWORK_HEADER = YES;
				CLANG_WARN_RANGE_LOOP_ANALYSIS = YES;
				CLANG_WARN_STRICT_PROTOTYPES = YES;
				CLANG_WARN_SUSPICIOUS_MOVE = YES;
				CLANG_WARN_UNGUARDED_AVAILABILITY = YES_AGGRESSIVE;
				CLANG_WARN_UNREACHABLE_CODE = YES;
				CLANG_WARN__DUPLICATE_METHOD_MATCH = YES;
				COPY_PHASE_STRIP = NO;
				DEBUG_INFORMATION_FORMAT = dwarf;
				ENABLE_STRICT_OBJC_MSGSEND = YES;
				ENABLE_TESTABILITY = YES;
				GCC_C_LANGUAGE_STANDARD = gnu11;
				GCC_DYNAMIC_NO_PIC = NO;
				GCC_NO_COMMON_BLOCKS = YES;
				GCC_OPTIMIZATION_LEVEL = 0;
				GCC_PREPROCESSOR_DEFINITIONS = (
					"DEBUG=1",
					"$(inherited)",
				);
				GCC_WARN_64_TO_32_BIT_CONVERSION = YES;
				GCC_WARN_ABOUT_RETURN_TYPE = YES_ERROR;
				GCC_WARN_UNDECLARED_SELECTOR = YES;
				GCC_WARN_UNINITIALIZED_AUTOS = YES_AGGRESSIVE;
				GCC_WARN_UNUSED_FUNCTION = YES;
				GCC_WARN_UNUSED_VARIABLE = YES;
				IPHONEOS_DEPLOYMENT_TARGET = 15.5;
				MTL_ENABLE_DEBUG_INFO = INCLUDE_SOURCE;
				MTL_FAST_MATH = YES;
				ONLY_ACTIVE_ARCH = YES;
				SDKROOT = iphoneos;
				SWIFT_ACTIVE_COMPILATION_CONDITIONS = DEBUG;
				SWIFT_OPTIMIZATION_LEVEL = "-Onone";
			};
			name = Debug;
		};
		159F205329991C000041D66F /* Release */ = {
			isa = XCBuildConfiguration;
			buildSettings = {
				ALWAYS_SEARCH_USER_PATHS = NO;
				CLANG_ANALYZER_NONNULL = YES;
				CLANG_ANALYZER_NUMBER_OBJECT_CONVERSION = YES_AGGRESSIVE;
				CLANG_CXX_LANGUAGE_STANDARD = "gnu++17";
				CLANG_ENABLE_MODULES = YES;
				CLANG_ENABLE_OBJC_ARC = YES;
				CLANG_ENABLE_OBJC_WEAK = YES;
				CLANG_WARN_BLOCK_CAPTURE_AUTORELEASING = YES;
				CLANG_WARN_BOOL_CONVERSION = YES;
				CLANG_WARN_COMMA = YES;
				CLANG_WARN_CONSTANT_CONVERSION = YES;
				CLANG_WARN_DEPRECATED_OBJC_IMPLEMENTATIONS = YES;
				CLANG_WARN_DIRECT_OBJC_ISA_USAGE = YES_ERROR;
				CLANG_WARN_DOCUMENTATION_COMMENTS = YES;
				CLANG_WARN_EMPTY_BODY = YES;
				CLANG_WARN_ENUM_CONVERSION = YES;
				CLANG_WARN_INFINITE_RECURSION = YES;
				CLANG_WARN_INT_CONVERSION = YES;
				CLANG_WARN_NON_LITERAL_NULL_CONVERSION = YES;
				CLANG_WARN_OBJC_IMPLICIT_RETAIN_SELF = YES;
				CLANG_WARN_OBJC_LITERAL_CONVERSION = YES;
				CLANG_WARN_OBJC_ROOT_CLASS = YES_ERROR;
				CLANG_WARN_QUOTED_INCLUDE_IN_FRAMEWORK_HEADER = YES;
				CLANG_WARN_RANGE_LOOP_ANALYSIS = YES;
				CLANG_WARN_STRICT_PROTOTYPES = YES;
				CLANG_WARN_SUSPICIOUS_MOVE = YES;
				CLANG_WARN_UNGUARDED_AVAILABILITY = YES_AGGRESSIVE;
				CLANG_WARN_UNREACHABLE_CODE = YES;
				CLANG_WARN__DUPLICATE_METHOD_MATCH = YES;
				COPY_PHASE_STRIP = NO;
				DEBUG_INFORMATION_FORMAT = "dwarf-with-dsym";
				ENABLE_NS_ASSERTIONS = NO;
				ENABLE_STRICT_OBJC_MSGSEND = YES;
				GCC_C_LANGUAGE_STANDARD = gnu11;
				GCC_NO_COMMON_BLOCKS = YES;
				GCC_WARN_64_TO_32_BIT_CONVERSION = YES;
				GCC_WARN_ABOUT_RETURN_TYPE = YES_ERROR;
				GCC_WARN_UNDECLARED_SELECTOR = YES;
				GCC_WARN_UNINITIALIZED_AUTOS = YES_AGGRESSIVE;
				GCC_WARN_UNUSED_FUNCTION = YES;
				GCC_WARN_UNUSED_VARIABLE = YES;
				IPHONEOS_DEPLOYMENT_TARGET = 15.5;
				MTL_ENABLE_DEBUG_INFO = NO;
				MTL_FAST_MATH = YES;
				SDKROOT = iphoneos;
				SWIFT_COMPILATION_MODE = wholemodule;
				SWIFT_OPTIMIZATION_LEVEL = "-O";
				VALIDATE_PRODUCT = YES;
			};
			name = Release;
		};
		159F205529991C000041D66F /* Debug */ = {
			isa = XCBuildConfiguration;
			buildSettings = {
				ASSETCATALOG_COMPILER_APPICON_NAME = AppIcon;
				ASSETCATALOG_COMPILER_GLOBAL_ACCENT_COLOR_NAME = AccentColor;
				CODE_SIGN_STYLE = Automatic;
				CURRENT_PROJECT_VERSION = 1;
				DEVELOPMENT_TEAM = 9PX7NLR9HQ;
				GENERATE_INFOPLIST_FILE = YES;
				INFOPLIST_FILE = RickAndMortyApp/Info.plist;
				INFOPLIST_KEY_UIApplicationSupportsIndirectInputEvents = YES;
				INFOPLIST_KEY_UILaunchStoryboardName = LaunchScreen;
				INFOPLIST_KEY_UISupportedInterfaceOrientations_iPad = "UIInterfaceOrientationPortrait UIInterfaceOrientationPortraitUpsideDown UIInterfaceOrientationLandscapeLeft UIInterfaceOrientationLandscapeRight";
				INFOPLIST_KEY_UISupportedInterfaceOrientations_iPhone = "UIInterfaceOrientationPortrait UIInterfaceOrientationLandscapeLeft UIInterfaceOrientationLandscapeRight";
				LD_RUNPATH_SEARCH_PATHS = (
					"$(inherited)",
					"@executable_path/Frameworks",
				);
				MARKETING_VERSION = 1.0;
				PRODUCT_BUNDLE_IDENTIFIER = stdk.ios.RickAndMortyApp;
				PRODUCT_NAME = "$(TARGET_NAME)";
				SWIFT_EMIT_LOC_STRINGS = YES;
				SWIFT_VERSION = 5.0;
				TARGETED_DEVICE_FAMILY = "1,2";
			};
			name = Debug;
		};
		159F205629991C000041D66F /* Release */ = {
			isa = XCBuildConfiguration;
			buildSettings = {
				ASSETCATALOG_COMPILER_APPICON_NAME = AppIcon;
				ASSETCATALOG_COMPILER_GLOBAL_ACCENT_COLOR_NAME = AccentColor;
				CODE_SIGN_STYLE = Automatic;
				CURRENT_PROJECT_VERSION = 1;
				DEVELOPMENT_TEAM = 9PX7NLR9HQ;
				GENERATE_INFOPLIST_FILE = YES;
				INFOPLIST_FILE = RickAndMortyApp/Info.plist;
				INFOPLIST_KEY_UIApplicationSupportsIndirectInputEvents = YES;
				INFOPLIST_KEY_UILaunchStoryboardName = LaunchScreen;
				INFOPLIST_KEY_UISupportedInterfaceOrientations_iPad = "UIInterfaceOrientationPortrait UIInterfaceOrientationPortraitUpsideDown UIInterfaceOrientationLandscapeLeft UIInterfaceOrientationLandscapeRight";
				INFOPLIST_KEY_UISupportedInterfaceOrientations_iPhone = "UIInterfaceOrientationPortrait UIInterfaceOrientationLandscapeLeft UIInterfaceOrientationLandscapeRight";
				LD_RUNPATH_SEARCH_PATHS = (
					"$(inherited)",
					"@executable_path/Frameworks",
				);
				MARKETING_VERSION = 1.0;
				PRODUCT_BUNDLE_IDENTIFIER = stdk.ios.RickAndMortyApp;
				PRODUCT_NAME = "$(TARGET_NAME)";
				SWIFT_EMIT_LOC_STRINGS = YES;
				SWIFT_VERSION = 5.0;
				TARGETED_DEVICE_FAMILY = "1,2";
			};
			name = Release;
		};
/* End XCBuildConfiguration section */

/* Begin XCConfigurationList section */
		159F203B29991BFC0041D66F /* Build configuration list for PBXProject "RickAndMortyApp" */ = {
			isa = XCConfigurationList;
			buildConfigurations = (
				159F205229991C000041D66F /* Debug */,
				159F205329991C000041D66F /* Release */,
			);
			defaultConfigurationIsVisible = 0;
			defaultConfigurationName = Release;
		};
		159F205429991C000041D66F /* Build configuration list for PBXNativeTarget "RickAndMortyApp" */ = {
			isa = XCConfigurationList;
			buildConfigurations = (
				159F205529991C000041D66F /* Debug */,
				159F205629991C000041D66F /* Release */,
			);
			defaultConfigurationIsVisible = 0;
			defaultConfigurationName = Release;
		};
/* End XCConfigurationList section */
	};
	rootObject = 159F203829991BFC0041D66F /* Project object */;
}
